{
  "requires": true,
  "lockfileVersion": 1,
  "dependencies": {
    "react-countdown-circle-timer": {
      "version": "2.5.1",
      "resolved": "https://registry.npmjs.org/react-countdown-circle-timer/-/react-countdown-circle-timer-2.5.1.tgz",
      "integrity": "sha512-cfzr6dgc/rYFpx3CXXgFnpqti7edFX7eUOP7YPGUfa4MefvrLh8J1zzgVURfVFBDB207PrK7DNK7iYkf2H5YkQ==",
      "requires": {
        "use-elapsed-time": "2.1.6"
      }
    },
    "use-elapsed-time": {
      "version": "2.1.6",
      "resolved": "https://registry.npmjs.org/use-elapsed-time/-/use-elapsed-time-2.1.6.tgz",
      "integrity": "sha512-6h6bY63oto1REUqcID3Goedgl5tVqWXsLzUSJ6EB9VprqZqnO5VDo1kkQqY/6V5Jc4Wu4XUgW3B8aDUHG2KRcA=="
    }
  }
}
